
Microsoft Visual Studio Solution File, Format Version 12.00
# Visual Studio Version 16
VisualStudioVersion = 16.0.31321.278
MinimumVisualStudioVersion = 10.0.40219.1
Project("{FAE04EC0-301F-11D3-BF4B-00C04F79EFBC}") = "TextSearchApi", "TextSearchApi\TextSearchApi.csproj", "{8B004AD7-E0C3-4270-9CEF-0EA3B120F025}"
EndProject
Global
	GlobalSection(SolutionConfigurationPlatforms) = preSolution
		Debug|Any CPU = Debug|Any CPU
		Release|Any CPU = Release|Any CPU
	EndGlobalSection
	GlobalSection(ProjectConfigurationPlatforms) = postSolution
		{8B004AD7-E0C3-4270-9CEF-0EA3B120F025}.Debug|Any CPU.ActiveCfg = Debug|Any CPU
		{8B004AD7-E0C3-4270-9CEF-0EA3B120F025}.Debug|Any CPU.Build.0 = Debug|Any CPU
		{8B004AD7-E0C3-4270-9CEF-0EA3B120F025}.Release|Any CPU.ActiveCfg = Release|Any CPU
		{8B004AD7-E0C3-4270-9CEF-0EA3B120F025}.Release|Any CPU.Build.0 = Release|Any CPU
	EndGlobalSection
	GlobalSection(SolutionProperties) = preSolution
		HideSolutionNode = FALSE
	EndGlobalSection
	GlobalSection(ExtensibilityGlobals) = postSolution
		SolutionGuid = {2FE60058-9BCF-452F-BF77-7C3B1CD0CDF7}
	EndGlobalSection
EndGlobal
